# This file is automatically @generated by Wally.
# It is not intended for manual editing.
registry = "test"

[[package]]
name = "arxkdev/ezvisualz"
version = "0.0.6"
dependencies = []

[[package]]
name = "elttob/fusion"
version = "0.3.0"
dependencies = []

[[package]]
name = "risebit/bitframe"
version = "0.1.7"
dependencies = [["ezvisualz", "arxkdev/ezvisualz@0.0.6"], ["fusion", "elttob/fusion@0.3.0"]]
